// !$*UTF8*$!
{
	archiveVersion = 1;
	classes = {
	};
	objectVersion = 56;
	objects = {

/* Begin PBXBuildFile section */
		760029522923796800CF69B1 /* GuideView.swift in Sources */ = {isa = PBXBuildFile; fileRef = 760029512923796800CF69B1 /* GuideView.swift */; };
		760029542923818900CF69B1 /* InfoView.swift in Sources */ = {isa = PBXBuildFile; fileRef = 760029532923818900CF69B1 /* InfoView.swift */; };
		760029562923820900CF69B1 /* TitleModifier.swift in Sources */ = {isa = PBXBuildFile; fileRef = 760029552923820900CF69B1 /* TitleModifier.swift */; };
		760029592923834200CF69B1 /* ButtonModifier.swift in Sources */ = {isa = PBXBuildFile; fileRef = 760029582923834200CF69B1 /* ButtonModifier.swift */; };
		761BC631292290DF00413C52 /* HoneymoonApp.swift in Sources */ = {isa = PBXBuildFile; fileRef = 761BC630292290DF00413C52 /* HoneymoonApp.swift */; };
		761BC633292290DF00413C52 /* ContentView.swift in Sources */ = {isa = PBXBuildFile; fileRef = 761BC632292290DF00413C52 /* ContentView.swift */; };
		761BC635292290E100413C52 /* Assets.xcassets in Resources */ = {isa = PBXBuildFile; fileRef = 761BC634292290E100413C52 /* Assets.xcassets */; };
		761BC638292290E100413C52 /* Preview Assets.xcassets in Resources */ = {isa = PBXBuildFile; fileRef = 761BC637292290E100413C52 /* Preview Assets.xcassets */; };
		761BC63F2922920C00413C52 /* Sounds in Resources */ = {isa = PBXBuildFile; fileRef = 761BC63E2922920B00413C52 /* Sounds */; };
		761BC641292292CB00413C52 /* Launch Screen.storyboard in Resources */ = {isa = PBXBuildFile; fileRef = 761BC640292292CB00413C52 /* Launch Screen.storyboard */; };
		761BC643292294DA00413C52 /* HoneymoonModel.swift in Sources */ = {isa = PBXBuildFile; fileRef = 761BC642292294DA00413C52 /* HoneymoonModel.swift */; };
		761BC6482922956000413C52 /* HoneymoonData.swift in Sources */ = {isa = PBXBuildFile; fileRef = 761BC6472922956000413C52 /* HoneymoonData.swift */; };
		761BC64C292295EA00413C52 /* CardView.swift in Sources */ = {isa = PBXBuildFile; fileRef = 761BC64B292295EA00413C52 /* CardView.swift */; };
		761BC64E29229A0200413C52 /* HeaderView.swift in Sources */ = {isa = PBXBuildFile; fileRef = 761BC64D29229A0200413C52 /* HeaderView.swift */; };
		761BC65029229C1200413C52 /* FooterView.swift in Sources */ = {isa = PBXBuildFile; fileRef = 761BC64F29229C1200413C52 /* FooterView.swift */; };
		761BC65329229D3F00413C52 /* HeaderComponent.swift in Sources */ = {isa = PBXBuildFile; fileRef = 761BC65229229D3F00413C52 /* HeaderComponent.swift */; };
		761BC65529229DC400413C52 /* GuideComponent.swift in Sources */ = {isa = PBXBuildFile; fileRef = 761BC65429229DC400413C52 /* GuideComponent.swift */; };
/* End PBXBuildFile section */

/* Begin PBXFileReference section */
		760029512923796800CF69B1 /* GuideView.swift */ = {isa = PBXFileReference; lastKnownFileType = sourcecode.swift; path = GuideView.swift; sourceTree = "<group>"; };
		760029532923818900CF69B1 /* InfoView.swift */ = {isa = PBXFileReference; lastKnownFileType = sourcecode.swift; path = InfoView.swift; sourceTree = "<group>"; };
		760029552923820900CF69B1 /* TitleModifier.swift */ = {isa = PBXFileReference; lastKnownFileType = sourcecode.swift; path = TitleModifier.swift; sourceTree = "<group>"; };
		760029582923834200CF69B1 /* ButtonModifier.swift */ = {isa = PBXFileReference; lastKnownFileType = sourcecode.swift; path = ButtonModifier.swift; sourceTree = "<group>"; };
		761BC62D292290DF00413C52 /* Honeymoon.app */ = {isa = PBXFileReference; explicitFileType = wrapper.application; includeInIndex = 0; path = Honeymoon.app; sourceTree = BUILT_PRODUCTS_DIR; };
		761BC630292290DF00413C52 /* HoneymoonApp.swift */ = {isa = PBXFileReference; lastKnownFileType = sourcecode.swift; path = HoneymoonApp.swift; sourceTree = "<group>"; };
		761BC632292290DF00413C52 /* ContentView.swift */ = {isa = PBXFileReference; lastKnownFileType = sourcecode.swift; path = ContentView.swift; sourceTree = "<group>"; };
		761BC634292290E100413C52 /* Assets.xcassets */ = {isa = PBXFileReference; lastKnownFileType = folder.assetcatalog; path = Assets.xcassets; sourceTree = "<group>"; };
		761BC637292290E100413C52 /* Preview Assets.xcassets */ = {isa = PBXFileReference; lastKnownFileType = folder.assetcatalog; path = "Preview Assets.xcassets"; sourceTree = "<group>"; };
		761BC63E2922920B00413C52 /* Sounds */ = {isa = PBXFileReference; lastKnownFileType = folder; path = Sounds; sourceTree = "<group>"; };
		761BC640292292CB00413C52 /* Launch Screen.storyboard */ = {isa = PBXFileReference; lastKnownFileType = file.storyboard; path = "Launch Screen.storyboard"; sourceTree = "<group>"; };
		761BC642292294DA00413C52 /* HoneymoonModel.swift */ = {isa = PBXFileReference; lastKnownFileType = sourcecode.swift; path = HoneymoonModel.swift; sourceTree = "<group>"; };
		761BC6472922956000413C52 /* HoneymoonData.swift */ = {isa = PBXFileReference; lastKnownFileType = sourcecode.swift; path = HoneymoonData.swift; sourceTree = "<group>"; };
		761BC64B292295EA00413C52 /* CardView.swift */ = {isa = PBXFileReference; lastKnownFileType = sourcecode.swift; path = CardView.swift; sourceTree = "<group>"; };
		761BC64D29229A0200413C52 /* HeaderView.swift */ = {isa = PBXFileReference; lastKnownFileType = sourcecode.swift; path = HeaderView.swift; sourceTree = "<group>"; };
		761BC64F29229C1200413C52 /* FooterView.swift */ = {isa = PBXFileReference; lastKnownFileType = sourcecode.swift; path = FooterView.swift; sourceTree = "<group>"; };
		761BC65229229D3F00413C52 /* HeaderComponent.swift */ = {isa = PBXFileReference; lastKnownFileType = sourcecode.swift; path = HeaderComponent.swift; sourceTree = "<group>"; };
		761BC65429229DC400413C52 /* GuideComponent.swift */ = {isa = PBXFileReference; lastKnownFileType = sourcecode.swift; path = GuideComponent.swift; sourceTree = "<group>"; };
/* End PBXFileReference section */

/* Begin PBXFrameworksBuildPhase section */
		761BC62A292290DF00413C52 /* Frameworks */ = {
			isa = PBXFrameworksBuildPhase;
			buildActionMask = 2147483647;
			files = (
			);
			runOnlyForDeploymentPostprocessing = 0;
		};
/* End PBXFrameworksBuildPhase section */

/* Begin PBXGroup section */
		760029572923822C00CF69B1 /* Modifier */ = {
			isa = PBXGroup;
			children = (
				760029552923820900CF69B1 /* TitleModifier.swift */,
				760029582923834200CF69B1 /* ButtonModifier.swift */,
			);
			path = Modifier;
			sourceTree = "<group>";
		};
		761BC624292290DF00413C52 = {
			isa = PBXGroup;
			children = (
				761BC62F292290DF00413C52 /* Honeymoon */,
				761BC62E292290DF00413C52 /* Products */,
			);
			sourceTree = "<group>";
		};
		761BC62E292290DF00413C52 /* Products */ = {
			isa = PBXGroup;
			children = (
				761BC62D292290DF00413C52 /* Honeymoon.app */,
			);
			name = Products;
			sourceTree = "<group>";
		};
		761BC62F292290DF00413C52 /* Honeymoon */ = {
			isa = PBXGroup;
			children = (
				761BC65129229D2A00413C52 /* Component */,
				761BC6492922956400413C52 /* Data */,
				761BC6462922951C00413C52 /* LaunchScreen */,
				761BC644292294DF00413C52 /* Model */,
				761BC630292290DF00413C52 /* HoneymoonApp.swift */,
				761BC64A292295B800413C52 /* View */,
				761BC6452922950900413C52 /* Assets */,
				761BC636292290E100413C52 /* Preview Content */,
				760029572923822C00CF69B1 /* Modifier */,
			);
			path = Honeymoon;
			sourceTree = "<group>";
		};
		761BC636292290E100413C52 /* Preview Content */ = {
			isa = PBXGroup;
			children = (
				761BC637292290E100413C52 /* Preview Assets.xcassets */,
			);
			path = "Preview Content";
			sourceTree = "<group>";
		};
		761BC644292294DF00413C52 /* Model */ = {
			isa = PBXGroup;
			children = (
				761BC642292294DA00413C52 /* HoneymoonModel.swift */,
			);
			path = Model;
			sourceTree = "<group>";
		};
		761BC6452922950900413C52 /* Assets */ = {
			isa = PBXGroup;
			children = (
				761BC63E2922920B00413C52 /* Sounds */,
				761BC634292290E100413C52 /* Assets.xcassets */,
			);
			path = Assets;
			sourceTree = "<group>";
		};
		761BC6462922951C00413C52 /* LaunchScreen */ = {
			isa = PBXGroup;
			children = (
				761BC640292292CB00413C52 /* Launch Screen.storyboard */,
			);
			path = LaunchScreen;
			sourceTree = "<group>";
		};
		761BC6492922956400413C52 /* Data */ = {
			isa = PBXGroup;
			children = (
				761BC6472922956000413C52 /* HoneymoonData.swift */,
			);
			path = Data;
			sourceTree = "<group>";
		};
		761BC64A292295B800413C52 /* View */ = {
			isa = PBXGroup;
			children = (
				761BC632292290DF00413C52 /* ContentView.swift */,
				761BC64B292295EA00413C52 /* CardView.swift */,
				761BC64D29229A0200413C52 /* HeaderView.swift */,
				761BC64F29229C1200413C52 /* FooterView.swift */,
				760029512923796800CF69B1 /* GuideView.swift */,
				760029532923818900CF69B1 /* InfoView.swift */,
			);
			path = View;
			sourceTree = "<group>";
		};
		761BC65129229D2A00413C52 /* Component */ = {
			isa = PBXGroup;
			children = (
				761BC65229229D3F00413C52 /* HeaderComponent.swift */,
				761BC65429229DC400413C52 /* GuideComponent.swift */,
			);
			path = Component;
			sourceTree = "<group>";
		};
/* End PBXGroup section */

/* Begin PBXNativeTarget section */
		761BC62C292290DF00413C52 /* Honeymoon */ = {
			isa = PBXNativeTarget;
			buildConfigurationList = 761BC63B292290E100413C52 /* Build configuration list for PBXNativeTarget "Honeymoon" */;
			buildPhases = (
				761BC629292290DF00413C52 /* Sources */,
				761BC62A292290DF00413C52 /* Frameworks */,
				761BC62B292290DF00413C52 /* Resources */,
			);
			buildRules = (
			);
			dependencies = (
			);
			name = Honeymoon;
			productName = Honeymoon;
			productReference = 761BC62D292290DF00413C52 /* Honeymoon.app */;
			productType = "com.apple.product-type.application";
		};
/* End PBXNativeTarget section */

/* Begin PBXProject section */
		761BC625292290DF00413C52 /* Project object */ = {
			isa = PBXProject;
			attributes = {
				BuildIndependentTargetsInParallel = 1;
				LastSwiftUpdateCheck = 1400;
				LastUpgradeCheck = 1400;
				TargetAttributes = {
					761BC62C292290DF00413C52 = {
						CreatedOnToolsVersion = 14.0.1;
					};
				};
			};
			buildConfigurationList = 761BC628292290DF00413C52 /* Build configuration list for PBXProject "Honeymoon" */;
			compatibilityVersion = "Xcode 14.0";
			developmentRegion = en;
			hasScannedForEncodings = 0;
			knownRegions = (
				en,
				Base,
			);
			mainGroup = 761BC624292290DF00413C52;
			productRefGroup = 761BC62E292290DF00413C52 /* Products */;
			projectDirPath = "";
			projectRoot = "";
			targets = (
				761BC62C292290DF00413C52 /* Honeymoon */,
			);
		};
/* End PBXProject section */

/* Begin PBXResourcesBuildPhase section */
		761BC62B292290DF00413C52 /* Resources */ = {
			isa = PBXResourcesBuildPhase;
			buildActionMask = 2147483647;
			files = (
				761BC63F2922920C00413C52 /* Sounds in Resources */,
				761BC638292290E100413C52 /* Preview Assets.xcassets in Resources */,
				761BC641292292CB00413C52 /* Launch Screen.storyboard in Resources */,
				761BC635292290E100413C52 /* Assets.xcassets in Resources */,
			);
			runOnlyForDeploymentPostprocessing = 0;
		};
/* End PBXResourcesBuildPhase section */

/* Begin PBXSourcesBuildPhase section */
		761BC629292290DF00413C52 /* Sources */ = {
			isa = PBXSourcesBuildPhase;
			buildActionMask = 2147483647;
			files = (
				761BC6482922956000413C52 /* HoneymoonData.swift in Sources */,
				760029542923818900CF69B1 /* InfoView.swift in Sources */,
				761BC65029229C1200413C52 /* FooterView.swift in Sources */,
				760029562923820900CF69B1 /* TitleModifier.swift in Sources */,
				761BC64E29229A0200413C52 /* HeaderView.swift in Sources */,
				761BC643292294DA00413C52 /* HoneymoonModel.swift in Sources */,
				760029592923834200CF69B1 /* ButtonModifier.swift in Sources */,
				761BC65329229D3F00413C52 /* HeaderComponent.swift in Sources */,
				761BC633292290DF00413C52 /* ContentView.swift in Sources */,
				761BC631292290DF00413C52 /* HoneymoonApp.swift in Sources */,
				761BC64C292295EA00413C52 /* CardView.swift in Sources */,
				761BC65529229DC400413C52 /* GuideComponent.swift in Sources */,
				760029522923796800CF69B1 /* GuideView.swift in Sources */,
			);
			runOnlyForDeploymentPostprocessing = 0;
		};
/* End PBXSourcesBuildPhase section */

/* Begin XCBuildConfiguration section */
		761BC639292290E100413C52 /* Debug */ = {
			isa = XCBuildConfiguration;
			buildSettings = {
				ALWAYS_SEARCH_USER_PATHS = NO;
				CLANG_ANALYZER_NONNULL = YES;
				CLANG_ANALYZER_NUMBER_OBJECT_CONVERSION = YES_AGGRESSIVE;
				CLANG_CXX_LANGUAGE_STANDARD = "gnu++20";
				CLANG_ENABLE_MODULES = YES;
				CLANG_ENABLE_OBJC_ARC = YES;
				CLANG_ENABLE_OBJC_WEAK = YES;
				CLANG_WARN_BLOCK_CAPTURE_AUTORELEASING = YES;
				CLANG_WARN_BOOL_CONVERSION = YES;
				CLANG_WARN_COMMA = YES;
				CLANG_WARN_CONSTANT_CONVERSION = YES;
				CLANG_WARN_DEPRECATED_OBJC_IMPLEMENTATIONS = YES;
				CLANG_WARN_DIRECT_OBJC_ISA_USAGE = YES_ERROR;
				CLANG_WARN_DOCUMENTATION_COMMENTS = YES;
				CLANG_WARN_EMPTY_BODY = YES;
				CLANG_WARN_ENUM_CONVERSION = YES;
				CLANG_WARN_INFINITE_RECURSION = YES;
				CLANG_WARN_INT_CONVERSION = YES;
				CLANG_WARN_NON_LITERAL_NULL_CONVERSION = YES;
				CLANG_WARN_OBJC_IMPLICIT_RETAIN_SELF = YES;
				CLANG_WARN_OBJC_LITERAL_CONVERSION = YES;
				CLANG_WARN_OBJC_ROOT_CLASS = YES_ERROR;
				CLANG_WARN_QUOTED_INCLUDE_IN_FRAMEWORK_HEADER = YES;
				CLANG_WARN_RANGE_LOOP_ANALYSIS = YES;
				CLANG_WARN_STRICT_PROTOTYPES = YES;
				CLANG_WARN_SUSPICIOUS_MOVE = YES;
				CLANG_WARN_UNGUARDED_AVAILABILITY = YES_AGGRESSIVE;
				CLANG_WARN_UNREACHABLE_CODE = YES;
				CLANG_WARN__DUPLICATE_METHOD_MATCH = YES;
				COPY_PHASE_STRIP = NO;
				DEBUG_INFORMATION_FORMAT = dwarf;
				ENABLE_STRICT_OBJC_MSGSEND = YES;
				ENABLE_TESTABILITY = YES;
				GCC_C_LANGUAGE_STANDARD = gnu11;
				GCC_DYNAMIC_NO_PIC = NO;
				GCC_NO_COMMON_BLOCKS = YES;
				GCC_OPTIMIZATION_LEVEL = 0;
				GCC_PREPROCESSOR_DEFINITIONS = (
					"DEBUG=1",
					"$(inherited)",
				);
				GCC_WARN_64_TO_32_BIT_CONVERSION = YES;
				GCC_WARN_ABOUT_RETURN_TYPE = YES_ERROR;
				GCC_WARN_UNDECLARED_SELECTOR = YES;
				GCC_WARN_UNINITIALIZED_AUTOS = YES_AGGRESSIVE;
				GCC_WARN_UNUSED_FUNCTION = YES;
				GCC_WARN_UNUSED_VARIABLE = YES;
				IPHONEOS_DEPLOYMENT_TARGET = 16.0;
				MTL_ENABLE_DEBUG_INFO = INCLUDE_SOURCE;
				MTL_FAST_MATH = YES;
				ONLY_ACTIVE_ARCH = YES;
				SDKROOT = iphoneos;
				SWIFT_ACTIVE_COMPILATION_CONDITIONS = DEBUG;
				SWIFT_OPTIMIZATION_LEVEL = "-Onone";
			};
			name = Debug;
		};
		761BC63A292290E100413C52 /* Release */ = {
			isa = XCBuildConfiguration;
			buildSettings = {
				ALWAYS_SEARCH_USER_PATHS = NO;
				CLANG_ANALYZER_NONNULL = YES;
				CLANG_ANALYZER_NUMBER_OBJECT_CONVERSION = YES_AGGRESSIVE;
				CLANG_CXX_LANGUAGE_STANDARD = "gnu++20";
				CLANG_ENABLE_MODULES = YES;
				CLANG_ENABLE_OBJC_ARC = YES;
				CLANG_ENABLE_OBJC_WEAK = YES;
				CLANG_WARN_BLOCK_CAPTURE_AUTORELEASING = YES;
				CLANG_WARN_BOOL_CONVERSION = YES;
				CLANG_WARN_COMMA = YES;
				CLANG_WARN_CONSTANT_CONVERSION = YES;
				CLANG_WARN_DEPRECATED_OBJC_IMPLEMENTATIONS = YES;
				CLANG_WARN_DIRECT_OBJC_ISA_USAGE = YES_ERROR;
				CLANG_WARN_DOCUMENTATION_COMMENTS = YES;
				CLANG_WARN_EMPTY_BODY = YES;
				CLANG_WARN_ENUM_CONVERSION = YES;
				CLANG_WARN_INFINITE_RECURSION = YES;
				CLANG_WARN_INT_CONVERSION = YES;
				CLANG_WARN_NON_LITERAL_NULL_CONVERSION = YES;
				CLANG_WARN_OBJC_IMPLICIT_RETAIN_SELF = YES;
				CLANG_WARN_OBJC_LITERAL_CONVERSION = YES;
				CLANG_WARN_OBJC_ROOT_CLASS = YES_ERROR;
				CLANG_WARN_QUOTED_INCLUDE_IN_FRAMEWORK_HEADER = YES;
				CLANG_WARN_RANGE_LOOP_ANALYSIS = YES;
				CLANG_WARN_STRICT_PROTOTYPES = YES;
				CLANG_WARN_SUSPICIOUS_MOVE = YES;
				CLANG_WARN_UNGUARDED_AVAILABILITY = YES_AGGRESSIVE;
				CLANG_WARN_UNREACHABLE_CODE = YES;
				CLANG_WARN__DUPLICATE_METHOD_MATCH = YES;
				COPY_PHASE_STRIP = NO;
				DEBUG_INFORMATION_FORMAT = "dwarf-with-dsym";
				ENABLE_NS_ASSERTIONS = NO;
				ENABLE_STRICT_OBJC_MSGSEND = YES;
				GCC_C_LANGUAGE_STANDARD = gnu11;
				GCC_NO_COMMON_BLOCKS = YES;
				GCC_WARN_64_TO_32_BIT_CONVERSION = YES;
				GCC_WARN_ABOUT_RETURN_TYPE = YES_ERROR;
				GCC_WARN_UNDECLARED_SELECTOR = YES;
				GCC_WARN_UNINITIALIZED_AUTOS = YES_AGGRESSIVE;
				GCC_WARN_UNUSED_FUNCTION = YES;
				GCC_WARN_UNUSED_VARIABLE = YES;
				IPHONEOS_DEPLOYMENT_TARGET = 16.0;
				MTL_ENABLE_DEBUG_INFO = NO;
				MTL_FAST_MATH = YES;
				SDKROOT = iphoneos;
				SWIFT_COMPILATION_MODE = wholemodule;
				SWIFT_OPTIMIZATION_LEVEL = "-O";
				VALIDATE_PRODUCT = YES;
			};
			name = Release;
		};
		761BC63C292290E100413C52 /* Debug */ = {
			isa = XCBuildConfiguration;
			buildSettings = {
				ASSETCATALOG_COMPILER_APPICON_NAME = AppIcon;
				ASSETCATALOG_COMPILER_GLOBAL_ACCENT_COLOR_NAME = AccentColor;
				CODE_SIGN_STYLE = Automatic;
				CURRENT_PROJECT_VERSION = 1;
				DEVELOPMENT_ASSET_PATHS = "\"Honeymoon/Preview Content\"";
				DEVELOPMENT_TEAM = THGV2QJ4R5;
				ENABLE_PREVIEWS = YES;
				GENERATE_INFOPLIST_FILE = YES;
				INFOPLIST_KEY_UIApplicationSceneManifest_Generation = YES;
				INFOPLIST_KEY_UIApplicationSupportsIndirectInputEvents = YES;
				INFOPLIST_KEY_UILaunchScreen_Generation = YES;
				INFOPLIST_KEY_UILaunchStoryboardName = "Launch Screen.storyboard";
				INFOPLIST_KEY_UISupportedInterfaceOrientations = UIInterfaceOrientationPortrait;
				IPHONEOS_DEPLOYMENT_TARGET = 15.0;
				LD_RUNPATH_SEARCH_PATHS = (
					"$(inherited)",
					"@executable_path/Frameworks",
				);
				MARKETING_VERSION = 1.0;
				PRODUCT_BUNDLE_IDENTIFIER = AleksandrKhristichenko.Honeymoon;
				PRODUCT_NAME = "$(TARGET_NAME)";
				SWIFT_EMIT_LOC_STRINGS = YES;
				SWIFT_VERSION = 5.0;
				TARGETED_DEVICE_FAMILY = "1,2";
			};
			name = Debug;
		};
		761BC63D292290E100413C52 /* Release */ = {
			isa = XCBuildConfiguration;
			buildSettings = {
				ASSETCATALOG_COMPILER_APPICON_NAME = AppIcon;
				ASSETCATALOG_COMPILER_GLOBAL_ACCENT_COLOR_NAME = AccentColor;
				CODE_SIGN_STYLE = Automatic;
				CURRENT_PROJECT_VERSION = 1;
				DEVELOPMENT_ASSET_PATHS = "\"Honeymoon/Preview Content\"";
				DEVELOPMENT_TEAM = THGV2QJ4R5;
				ENABLE_PREVIEWS = YES;
				GENERATE_INFOPLIST_FILE = YES;
				INFOPLIST_KEY_UIApplicationSceneManifest_Generation = YES;
				INFOPLIST_KEY_UIApplicationSupportsIndirectInputEvents = YES;
				INFOPLIST_KEY_UILaunchScreen_Generation = YES;
				INFOPLIST_KEY_UILaunchStoryboardName = "Launch Screen.storyboard";
				INFOPLIST_KEY_UISupportedInterfaceOrientations = UIInterfaceOrientationPortrait;
				IPHONEOS_DEPLOYMENT_TARGET = 15.0;
				LD_RUNPATH_SEARCH_PATHS = (
					"$(inherited)",
					"@executable_path/Frameworks",
				);
				MARKETING_VERSION = 1.0;
				PRODUCT_BUNDLE_IDENTIFIER = AleksandrKhristichenko.Honeymoon;
				PRODUCT_NAME = "$(TARGET_NAME)";
				SWIFT_EMIT_LOC_STRINGS = YES;
				SWIFT_VERSION = 5.0;
				TARGETED_DEVICE_FAMILY = "1,2";
			};
			name = Release;
		};
/* End XCBuildConfiguration section */

/* Begin XCConfigurationList section */
		761BC628292290DF00413C52 /* Build configuration list for PBXProject "Honeymoon" */ = {
			isa = XCConfigurationList;
			buildConfigurations = (
				761BC639292290E100413C52 /* Debug */,
				761BC63A292290E100413C52 /* Release */,
			);
			defaultConfigurationIsVisible = 0;
			defaultConfigurationName = Release;
		};
		761BC63B292290E100413C52 /* Build configuration list for PBXNativeTarget "Honeymoon" */ = {
			isa = XCConfigurationList;
			buildConfigurations = (
				761BC63C292290E100413C52 /* Debug */,
				761BC63D292290E100413C52 /* Release */,
			);
			defaultConfigurationIsVisible = 0;
			defaultConfigurationName = Release;
		};
/* End XCConfigurationList section */
	};
	rootObject = 761BC625292290DF00413C52 /* Project object */;
}
